
Microsoft Visual Studio Solution File, Format Version 12.00
# Visual Studio Version 17
VisualStudioVersion = 17.5.33516.290
MinimumVisualStudioVersion = 10.0.40219.1
Project("{FAE04EC0-301F-11D3-BF4B-00C04F79EFBC}") = "Assessment", "Assessment.csproj", "{D782B2BD-AB9D-4311-AC12-8623F1391070}"
EndProject
Global
	GlobalSection(SolutionConfigurationPlatforms) = preSolution
		Debug|Any CPU = Debug|Any CPU
		Release|Any CPU = Release|Any CPU
	EndGlobalSection
	GlobalSection(ProjectConfigurationPlatforms) = postSolution
		{D782B2BD-AB9D-4311-AC12-8623F1391070}.Debug|Any CPU.ActiveCfg = Debug|Any CPU
		{D782B2BD-AB9D-4311-AC12-8623F1391070}.Debug|Any CPU.Build.0 = Debug|Any CPU
		{D782B2BD-AB9D-4311-AC12-8623F1391070}.Release|Any CPU.ActiveCfg = Release|Any CPU
		{D782B2BD-AB9D-4311-AC12-8623F1391070}.Release|Any CPU.Build.0 = Release|Any CPU
	EndGlobalSection
	GlobalSection(SolutionProperties) = preSolution
		HideSolutionNode = FALSE
	EndGlobalSection
	GlobalSection(ExtensibilityGlobals) = postSolution
		SolutionGuid = {D438D431-3051-41F4-83B5-BB717D79D8A8}
	EndGlobalSection
EndGlobal
